Microsoft Visual Studio Solution File, Format Version 12.00
# Visual Studio Version 16
VisualStudioVersion = 16.0.0.0
MinimumVisualStudioVersion = 16.0.0.0
Project("{9A19103F-16F7-4668-BE54-9A1E7A4F7556}") = "HandsWork.Server", "Server\HandsWork.Server.csproj", "{ABCFB27E-6483-4D36-89D9-12FAE9018E59}"
EndProject
Project("{9A19103F-16F7-4668-BE54-9A1E7A4F7556}") = "HandsWork.Client", "Client\HandsWork.Client.csproj", "{9DBF0396-DA45-4093-BCDB-768AC250AF2D}"
EndProject
Project("{9A19103F-16F7-4668-BE54-9A1E7A4F7556}") = "HandsWork.Shared", "Shared\HandsWork.Shared.csproj", "{B5767E38-F14E-477B-A410-9C7D06514AF3}"
EndProject
Global
	GlobalSection(SolutionConfigurationPlatforms) = preSolution
		Debug|Any CPU = Debug|Any CPU
		Debug|x64 = Debug|x64
		Debug|x86 = Debug|x86
		Release|Any CPU = Release|Any CPU
		Release|x64 = Release|x64
		Release|x86 = Release|x86
	EndGlobalSection
	GlobalSection(ProjectConfigurationPlatforms) = postSolution
		{9DBF0396-DA45-4093-BCDB-768AC250AF2D}.Debug|Any CPU.ActiveCfg = Debug|Any CPU
		{9DBF0396-DA45-4093-BCDB-768AC250AF2D}.Debug|Any CPU.Build.0 = Debug|Any CPU
		{9DBF0396-DA45-4093-BCDB-768AC250AF2D}.Debug|x64.ActiveCfg = Debug|Any CPU
		{9DBF0396-DA45-4093-BCDB-768AC250AF2D}.Debug|x64.Build.0 = Debug|Any CPU
		{9DBF0396-DA45-4093-BCDB-768AC250AF2D}.Debug|x86.ActiveCfg = Debug|Any CPU
		{9DBF0396-DA45-4093-BCDB-768AC250AF2D}.Debug|x86.Build.0 = Debug|Any CPU
		{9DBF0396-DA45-4093-BCDB-768AC250AF2D}.Release|Any CPU.ActiveCfg = Release|Any CPU
		{9DBF0396-DA45-4093-BCDB-768AC250AF2D}.Release|Any CPU.Build.0 = Release|Any CPU
		{9DBF0396-DA45-4093-BCDB-768AC250AF2D}.Release|x64.ActiveCfg = Release|Any CPU
		{9DBF0396-DA45-4093-BCDB-768AC250AF2D}.Release|x64.Build.0 = Release|Any CPU
		{9DBF0396-DA45-4093-BCDB-768AC250AF2D}.Release|x86.ActiveCfg = Release|Any CPU
		{9DBF0396-DA45-4093-BCDB-768AC250AF2D}.Release|x86.Build.0 = Release|Any CPU
		{ABCFB27E-6483-4D36-89D9-12FAE9018E59}.Debug|Any CPU.ActiveCfg = Debug|Any CPU
		{ABCFB27E-6483-4D36-89D9-12FAE9018E59}.Debug|Any CPU.Build.0 = Debug|Any CPU
		{ABCFB27E-6483-4D36-89D9-12FAE9018E59}.Debug|x64.ActiveCfg = Debug|Any CPU
		{ABCFB27E-6483-4D36-89D9-12FAE9018E59}.Debug|x64.Build.0 = Debug|Any CPU
		{ABCFB27E-6483-4D36-89D9-12FAE9018E59}.Debug|x86.ActiveCfg = Debug|Any CPU
		{ABCFB27E-6483-4D36-89D9-12FAE9018E59}.Debug|x86.Build.0 = Debug|Any CPU
		{ABCFB27E-6483-4D36-89D9-12FAE9018E59}.Release|Any CPU.ActiveCfg = Release|Any CPU
		{ABCFB27E-6483-4D36-89D9-12FAE9018E59}.Release|Any CPU.Build.0 = Release|Any CPU
		{ABCFB27E-6483-4D36-89D9-12FAE9018E59}.Release|x64.ActiveCfg = Release|Any CPU
		{ABCFB27E-6483-4D36-89D9-12FAE9018E59}.Release|x64.Build.0 = Release|Any CPU
		{ABCFB27E-6483-4D36-89D9-12FAE9018E59}.Release|x86.ActiveCfg = Release|Any CPU
		{ABCFB27E-6483-4D36-89D9-12FAE9018E59}.Release|x86.Build.0 = Release|Any CPU
		{B5767E38-F14E-477B-A410-9C7D06514AF3}.Debug|Any CPU.ActiveCfg = Debug|Any CPU
		{B5767E38-F14E-477B-A410-9C7D06514AF3}.Debug|Any CPU.Build.0 = Debug|Any CPU
		{B5767E38-F14E-477B-A410-9C7D06514AF3}.Debug|x64.ActiveCfg = Debug|Any CPU
		{B5767E38-F14E-477B-A410-9C7D06514AF3}.Debug|x64.Build.0 = Debug|Any CPU
		{B5767E38-F14E-477B-A410-9C7D06514AF3}.Debug|x86.ActiveCfg = Debug|Any CPU
		{B5767E38-F14E-477B-A410-9C7D06514AF3}.Debug|x86.Build.0 = Debug|Any CPU
		{B5767E38-F14E-477B-A410-9C7D06514AF3}.Release|Any CPU.ActiveCfg = Release|Any CPU
		{B5767E38-F14E-477B-A410-9C7D06514AF3}.Release|Any CPU.Build.0 = Release|Any CPU
		{B5767E38-F14E-477B-A410-9C7D06514AF3}.Release|x64.ActiveCfg = Release|Any CPU
		{B5767E38-F14E-477B-A410-9C7D06514AF3}.Release|x64.Build.0 = Release|Any CPU
		{B5767E38-F14E-477B-A410-9C7D06514AF3}.Release|x86.ActiveCfg = Release|Any CPU
		{B5767E38-F14E-477B-A410-9C7D06514AF3}.Release|x86.Build.0 = Release|Any CPU
	EndGlobalSection
	GlobalSection(SolutionProperties) = preSolution
		HideSolutionNode = FALSE
	EndGlobalSection
	GlobalSection(ExtensibilityGlobals) = postSolution
		SolutionGuid = {F29A1479-C5AD-4EB3-84AB-D3A573E1A947}
	EndGlobalSection
EndGlobal
